[[package]]
name = "atoi"
version = "0.2.3"
source = "registry+https://github.com/rust-lang/crates.io-index"
dependencies = [
 "num-traits 0.2.6 (registry+https://github.com/rust-lang/crates.io-index)",
]

[[package]]
name = "bitbit"
version = "0.1.0"
dependencies = [
 "atoi 0.2.3 (registry+https://github.com/rust-lang/crates.io-index)",
]

[[package]]
name = "num-traits"
version = "0.2.6"
source = "registry+https://github.com/rust-lang/crates.io-index"

[metadata]
"checksum atoi 0.2.3 (registry+https://github.com/rust-lang/crates.io-index)" = "baa5dc0129ce09c8c87e2714a0b67c095d4a5e3261a7bbb3d7ac44d43d5dd190"
"checksum num-traits 0.2.6 (registry+https://github.com/rust-lang/crates.io-index)" = "0b3a5d7cc97d6d30d8b9bc8fa19bf45349ffe46241e8816f50f62f6d6aaabee1"
